
Microsoft Visual Studio Solution File, Format Version 12.00
# Visual Studio 15
VisualStudioVersion = 15.0.26124.0
MinimumVisualStudioVersion = 15.0.26124.0
Project("{FAE04EC0-301F-11D3-BF4B-00C04F79EFBC}") = "Shop.Common", "Shop.Common\Shop.Common.csproj", "{4122A29F-F327-4698-B167-DE19B555C7D1}"
EndProject
Project("{2150E333-8FDC-42A3-9474-1A3956D46DE8}") = "Backend", "Backend", "{532DCF17-6F83-4E00-B35E-04483B2E4385}"
EndProject
Project("{2150E333-8FDC-42A3-9474-1A3956D46DE8}") = "Frontend", "Frontend", "{78011840-66EE-45EE-B2B9-BA3B49FC8815}"
EndProject
Project("{FAE04EC0-301F-11D3-BF4B-00C04F79EFBC}") = "Shop.Web", "Shop.Web\Shop.Web.csproj", "{0559DCB0-6F64-4244-9E76-BBD7ACDD3107}"
EndProject
Project("{2150E333-8FDC-42A3-9474-1A3956D46DE8}") = "Forms", "Forms", "{271D4110-83DC-4FD9-A939-28929115A807}"
EndProject
Project("{2150E333-8FDC-42A3-9474-1A3956D46DE8}") = "Classic", "Classic", "{6EC94436-7D95-4A19-815A-C1DEFBF1BA43}"
EndProject
Project("{FAE04EC0-301F-11D3-BF4B-00C04F79EFBC}") = "Shop.UIForms.Android", "Shop.UIForms\Shop.UIForms.Android\Shop.UIForms.Android.csproj", "{C702D6AB-C074-449A-956B-0A0B87E0BB88}"
EndProject
Project("{FAE04EC0-301F-11D3-BF4B-00C04F79EFBC}") = "Shop.UIForms.iOS", "Shop.UIForms\Shop.UIForms.iOS\Shop.UIForms.iOS.csproj", "{98626029-EA26-4F3F-9905-AFD83DAF2D77}"
EndProject
Project("{FAE04EC0-301F-11D3-BF4B-00C04F79EFBC}") = "Shop.UIForms", "Shop.UIForms\Shop.UIForms\Shop.UIForms.csproj", "{25009B4E-04F6-4FEF-85BB-90B24D1279D7}"
EndProject
Project("{FAE04EC0-301F-11D3-BF4B-00C04F79EFBC}") = "Shop.UIClassic", "Shop.UIClassic\Shop.UIClassic.csproj", "{1EA19244-2FB0-4F20-936E-C7663EBBA736}"
EndProject
Project("{FAE04EC0-301F-11D3-BF4B-00C04F79EFBC}") = "Shop.Classic.Android", "Shop.Classic.Android\Shop.Classic.Android.csproj", "{8BDD2C58-36B6-4563-A32D-F402A547B8BC}"
EndProject
Project("{FAE04EC0-301F-11D3-BF4B-00C04F79EFBC}") = "Shop.Classic.iOS", "Shop.Classic.iOS\Shop.Classic.iOS.csproj", "{80A96B52-6758-4BDB-B0B4-CEA4CA155C60}"
EndProject
Global
	GlobalSection(SolutionConfigurationPlatforms) = preSolution
		Ad-Hoc|Any CPU = Ad-Hoc|Any CPU
		Ad-Hoc|iPhone = Ad-Hoc|iPhone
		Ad-Hoc|iPhoneSimulator = Ad-Hoc|iPhoneSimulator
		Ad-Hoc|x64 = Ad-Hoc|x64
		Ad-Hoc|x86 = Ad-Hoc|x86
		AppStore|Any CPU = AppStore|Any CPU
		AppStore|iPhone = AppStore|iPhone
		AppStore|iPhoneSimulator = AppStore|iPhoneSimulator
		AppStore|x64 = AppStore|x64
		AppStore|x86 = AppStore|x86
		Debug|Any CPU = Debug|Any CPU
		Debug|iPhone = Debug|iPhone
		Debug|iPhoneSimulator = Debug|iPhoneSimulator
		Debug|x64 = Debug|x64
		Debug|x86 = Debug|x86
		Release|Any CPU = Release|Any CPU
		Release|iPhone = Release|iPhone
		Release|iPhoneSimulator = Release|iPhoneSimulator
		Release|x64 = Release|x64
		Release|x86 = Release|x86
	EndGlobalSection
	GlobalSection(ProjectConfigurationPlatforms) = postSolution
		{4122A29F-F327-4698-B167-DE19B555C7D1}.Ad-Hoc|Any CPU.ActiveCfg = Debug|Any CPU
		{4122A29F-F327-4698-B167-DE19B555C7D1}.Ad-Hoc|Any CPU.Build.0 = Debug|Any CPU
		{4122A29F-F327-4698-B167-DE19B555C7D1}.Ad-Hoc|iPhone.ActiveCfg = Debug|Any CPU
		{4122A29F-F327-4698-B167-DE19B555C7D1}.Ad-Hoc|iPhone.Build.0 = Debug|Any CPU
		{4122A29F-F327-4698-B167-DE19B555C7D1}.Ad-Hoc|iPhoneSimulator.ActiveCfg = Debug|Any CPU
		{4122A29F-F327-4698-B167-DE19B555C7D1}.Ad-Hoc|iPhoneSimulator.Build.0 = Debug|Any CPU
		{4122A29F-F327-4698-B167-DE19B555C7D1}.Ad-Hoc|x64.ActiveCfg = Debug|Any CPU
		{4122A29F-F327-4698-B167-DE19B555C7D1}.Ad-Hoc|x64.Build.0 = Debug|Any CPU
		{4122A29F-F327-4698-B167-DE19B555C7D1}.Ad-Hoc|x86.ActiveCfg = Debug|Any CPU
		{4122A29F-F327-4698-B167-DE19B555C7D1}.Ad-Hoc|x86.Build.0 = Debug|Any CPU
		{4122A29F-F327-4698-B167-DE19B555C7D1}.AppStore|Any CPU.ActiveCfg = Debug|Any CPU
		{4122A29F-F327-4698-B167-DE19B555C7D1}.AppStore|Any CPU.Build.0 = Debug|Any CPU
		{4122A29F-F327-4698-B167-DE19B555C7D1}.AppStore|iPhone.ActiveCfg = Debug|Any CPU
		{4122A29F-F327-4698-B167-DE19B555C7D1}.AppStore|iPhone.Build.0 = Debug|Any CPU
		{4122A29F-F327-4698-B167-DE19B555C7D1}.AppStore|iPhoneSimulator.ActiveCfg = Debug|Any CPU
		{4122A29F-F327-4698-B167-DE19B555C7D1}.AppStore|iPhoneSimulator.Build.0 = Debug|Any CPU
		{4122A29F-F327-4698-B167-DE19B555C7D1}.AppStore|x64.ActiveCfg = Debug|Any CPU
		{4122A29F-F327-4698-B167-DE19B555C7D1}.AppStore|x64.Build.0 = Debug|Any CPU
		{4122A29F-F327-4698-B167-DE19B555C7D1}.AppStore|x86.ActiveCfg = Debug|Any CPU
		{4122A29F-F327-4698-B167-DE19B555C7D1}.AppStore|x86.Build.0 = Debug|Any CPU
		{4122A29F-F327-4698-B167-DE19B555C7D1}.Debug|Any CPU.ActiveCfg = Debug|Any CPU
		{4122A29F-F327-4698-B167-DE19B555C7D1}.Debug|Any CPU.Build.0 = Debug|Any CPU
		{4122A29F-F327-4698-B167-DE19B555C7D1}.Debug|iPhone.ActiveCfg = Debug|Any CPU
		{4122A29F-F327-4698-B167-DE19B555C7D1}.Debug|iPhone.Build.0 = Debug|Any CPU
		{4122A29F-F327-4698-B167-DE19B555C7D1}.Debug|iPhoneSimulator.ActiveCfg = Debug|Any CPU
		{4122A29F-F327-4698-B167-DE19B555C7D1}.Debug|iPhoneSimulator.Build.0 = Debug|Any CPU
		{4122A29F-F327-4698-B167-DE19B555C7D1}.Debug|x64.ActiveCfg = Debug|Any CPU
		{4122A29F-F327-4698-B167-DE19B555C7D1}.Debug|x64.Build.0 = Debug|Any CPU
		{4122A29F-F327-4698-B167-DE19B555C7D1}.Debug|x86.ActiveCfg = Debug|Any CPU
		{4122A29F-F327-4698-B167-DE19B555C7D1}.Debug|x86.Build.0 = Debug|Any CPU
		{4122A29F-F327-4698-B167-DE19B555C7D1}.Release|Any CPU.ActiveCfg = Release|Any CPU
		{4122A29F-F327-4698-B167-DE19B555C7D1}.Release|Any CPU.Build.0 = Release|Any CPU
		{4122A29F-F327-4698-B167-DE19B555C7D1}.Release|iPhone.ActiveCfg = Release|Any CPU
		{4122A29F-F327-4698-B167-DE19B555C7D1}.Release|iPhone.Build.0 = Release|Any CPU
		{4122A29F-F327-4698-B167-DE19B555C7D1}.Release|iPhoneSimulator.ActiveCfg = Release|Any CPU
		{4122A29F-F327-4698-B167-DE19B555C7D1}.Release|iPhoneSimulator.Build.0 = Release|Any CPU
		{4122A29F-F327-4698-B167-DE19B555C7D1}.Release|x64.ActiveCfg = Release|Any CPU
		{4122A29F-F327-4698-B167-DE19B555C7D1}.Release|x64.Build.0 = Release|Any CPU
		{4122A29F-F327-4698-B167-DE19B555C7D1}.Release|x86.ActiveCfg = Release|Any CPU
		{4122A29F-F327-4698-B167-DE19B555C7D1}.Release|x86.Build.0 = Release|Any CPU
		{0559DCB0-6F64-4244-9E76-BBD7ACDD3107}.Ad-Hoc|Any CPU.ActiveCfg = Debug|Any CPU
		{0559DCB0-6F64-4244-9E76-BBD7ACDD3107}.Ad-Hoc|Any CPU.Build.0 = Debug|Any CPU
		{0559DCB0-6F64-4244-9E76-BBD7ACDD3107}.Ad-Hoc|iPhone.ActiveCfg = Debug|Any CPU
		{0559DCB0-6F64-4244-9E76-BBD7ACDD3107}.Ad-Hoc|iPhone.Build.0 = Debug|Any CPU
		{0559DCB0-6F64-4244-9E76-BBD7ACDD3107}.Ad-Hoc|iPhoneSimulator.ActiveCfg = Debug|Any CPU
		{0559DCB0-6F64-4244-9E76-BBD7ACDD3107}.Ad-Hoc|iPhoneSimulator.Build.0 = Debug|Any CPU
		{0559DCB0-6F64-4244-9E76-BBD7ACDD3107}.Ad-Hoc|x64.ActiveCfg = Debug|Any CPU
		{0559DCB0-6F64-4244-9E76-BBD7ACDD3107}.Ad-Hoc|x64.Build.0 = Debug|Any CPU
		{0559DCB0-6F64-4244-9E76-BBD7ACDD3107}.Ad-Hoc|x86.ActiveCfg = Debug|Any CPU
		{0559DCB0-6F64-4244-9E76-BBD7ACDD3107}.Ad-Hoc|x86.Build.0 = Debug|Any CPU
		{0559DCB0-6F64-4244-9E76-BBD7ACDD3107}.AppStore|Any CPU.ActiveCfg = Debug|Any CPU
		{0559DCB0-6F64-4244-9E76-BBD7ACDD3107}.AppStore|Any CPU.Build.0 = Debug|Any CPU
		{0559DCB0-6F64-4244-9E76-BBD7ACDD3107}.AppStore|iPhone.ActiveCfg = Debug|Any CPU
		{0559DCB0-6F64-4244-9E76-BBD7ACDD3107}.AppStore|iPhone.Build.0 = Debug|Any CPU
		{0559DCB0-6F64-4244-9E76-BBD7ACDD3107}.AppStore|iPhoneSimulator.ActiveCfg = Debug|Any CPU
		{0559DCB0-6F64-4244-9E76-BBD7ACDD3107}.AppStore|iPhoneSimulator.Build.0 = Debug|Any CPU
		{0559DCB0-6F64-4244-9E76-BBD7ACDD3107}.AppStore|x64.ActiveCfg = Debug|Any CPU
		{0559DCB0-6F64-4244-9E76-BBD7ACDD3107}.AppStore|x64.Build.0 = Debug|Any CPU
		{0559DCB0-6F64-4244-9E76-BBD7ACDD3107}.AppStore|x86.ActiveCfg = Debug|Any CPU
		{0559DCB0-6F64-4244-9E76-BBD7ACDD3107}.AppStore|x86.Build.0 = Debug|Any CPU
		{0559DCB0-6F64-4244-9E76-BBD7ACDD3107}.Debug|Any CPU.ActiveCfg = Debug|Any CPU
		{0559DCB0-6F64-4244-9E76-BBD7ACDD3107}.Debug|Any CPU.Build.0 = Debug|Any CPU
		{0559DCB0-6F64-4244-9E76-BBD7ACDD3107}.Debug|iPhone.ActiveCfg = Debug|Any CPU
		{0559DCB0-6F64-4244-9E76-BBD7ACDD3107}.Debug|iPhone.Build.0 = Debug|Any CPU
		{0559DCB0-6F64-4244-9E76-BBD7ACDD3107}.Debug|iPhoneSimulator.ActiveCfg = Debug|Any CPU
		{0559DCB0-6F64-4244-9E76-BBD7ACDD3107}.Debug|iPhoneSimulator.Build.0 = Debug|Any CPU
		{0559DCB0-6F64-4244-9E76-BBD7ACDD3107}.Debug|x64.ActiveCfg = Debug|Any CPU
		{0559DCB0-6F64-4244-9E76-BBD7ACDD3107}.Debug|x64.Build.0 = Debug|Any CPU
		{0559DCB0-6F64-4244-9E76-BBD7ACDD3107}.Debug|x86.ActiveCfg = Debug|Any CPU
		{0559DCB0-6F64-4244-9E76-BBD7ACDD3107}.Debug|x86.Build.0 = Debug|Any CPU
		{0559DCB0-6F64-4244-9E76-BBD7ACDD3107}.Release|Any CPU.ActiveCfg = Release|Any CPU
		{0559DCB0-6F64-4244-9E76-BBD7ACDD3107}.Release|Any CPU.Build.0 = Release|Any CPU
		{0559DCB0-6F64-4244-9E76-BBD7ACDD3107}.Release|iPhone.ActiveCfg = Release|Any CPU
		{0559DCB0-6F64-4244-9E76-BBD7ACDD3107}.Release|iPhone.Build.0 = Release|Any CPU
		{0559DCB0-6F64-4244-9E76-BBD7ACDD3107}.Release|iPhoneSimulator.ActiveCfg = Release|Any CPU
		{0559DCB0-6F64-4244-9E76-BBD7ACDD3107}.Release|iPhoneSimulator.Build.0 = Release|Any CPU
		{0559DCB0-6F64-4244-9E76-BBD7ACDD3107}.Release|x64.ActiveCfg = Release|Any CPU
		{0559DCB0-6F64-4244-9E76-BBD7ACDD3107}.Release|x64.Build.0 = Release|Any CPU
		{0559DCB0-6F64-4244-9E76-BBD7ACDD3107}.Release|x86.ActiveCfg = Release|Any CPU
		{0559DCB0-6F64-4244-9E76-BBD7ACDD3107}.Release|x86.Build.0 = Release|Any CPU
		{C702D6AB-C074-449A-956B-0A0B87E0BB88}.Ad-Hoc|Any CPU.ActiveCfg = Release|Any CPU
		{C702D6AB-C074-449A-956B-0A0B87E0BB88}.Ad-Hoc|Any CPU.Build.0 = Release|Any CPU
		{C702D6AB-C074-449A-956B-0A0B87E0BB88}.Ad-Hoc|Any CPU.Deploy.0 = Release|Any CPU
		{C702D6AB-C074-449A-956B-0A0B87E0BB88}.Ad-Hoc|iPhone.ActiveCfg = Release|Any CPU
		{C702D6AB-C074-449A-956B-0A0B87E0BB88}.Ad-Hoc|iPhone.Build.0 = Release|Any CPU
		{C702D6AB-C074-449A-956B-0A0B87E0BB88}.Ad-Hoc|iPhone.Deploy.0 = Release|Any CPU
		{C702D6AB-C074-449A-956B-0A0B87E0BB88}.Ad-Hoc|iPhoneSimulator.ActiveCfg = Release|Any CPU
		{C702D6AB-C074-449A-956B-0A0B87E0BB88}.Ad-Hoc|iPhoneSimulator.Build.0 = Release|Any CPU
		{C702D6AB-C074-449A-956B-0A0B87E0BB88}.Ad-Hoc|iPhoneSimulator.Deploy.0 = Release|Any CPU
		{C702D6AB-C074-449A-956B-0A0B87E0BB88}.Ad-Hoc|x64.ActiveCfg = Release|Any CPU
		{C702D6AB-C074-449A-956B-0A0B87E0BB88}.Ad-Hoc|x64.Build.0 = Release|Any CPU
		{C702D6AB-C074-449A-956B-0A0B87E0BB88}.Ad-Hoc|x64.Deploy.0 = Release|Any CPU
		{C702D6AB-C074-449A-956B-0A0B87E0BB88}.Ad-Hoc|x86.ActiveCfg = Release|Any CPU
		{C702D6AB-C074-449A-956B-0A0B87E0BB88}.Ad-Hoc|x86.Build.0 = Release|Any CPU
		{C702D6AB-C074-449A-956B-0A0B87E0BB88}.Ad-Hoc|x86.Deploy.0 = Release|Any CPU
		{C702D6AB-C074-449A-956B-0A0B87E0BB88}.AppStore|Any CPU.ActiveCfg = Release|Any CPU
		{C702D6AB-C074-449A-956B-0A0B87E0BB88}.AppStore|Any CPU.Build.0 = Release|Any CPU
		{C702D6AB-C074-449A-956B-0A0B87E0BB88}.AppStore|Any CPU.Deploy.0 = Release|Any CPU
		{C702D6AB-C074-449A-956B-0A0B87E0BB88}.AppStore|iPhone.ActiveCfg = Release|Any CPU
		{C702D6AB-C074-449A-956B-0A0B87E0BB88}.AppStore|iPhone.Build.0 = Release|Any CPU
		{C702D6AB-C074-449A-956B-0A0B87E0BB88}.AppStore|iPhone.Deploy.0 = Release|Any CPU
		{C702D6AB-C074-449A-956B-0A0B87E0BB88}.AppStore|iPhoneSimulator.ActiveCfg = Release|Any CPU
		{C702D6AB-C074-449A-956B-0A0B87E0BB88}.AppStore|iPhoneSimulator.Build.0 = Release|Any CPU
		{C702D6AB-C074-449A-956B-0A0B87E0BB88}.AppStore|iPhoneSimulator.Deploy.0 = Release|Any CPU
		{C702D6AB-C074-449A-956B-0A0B87E0BB88}.AppStore|x64.ActiveCfg = Release|Any CPU
		{C702D6AB-C074-449A-956B-0A0B87E0BB88}.AppStore|x64.Build.0 = Release|Any CPU
		{C702D6AB-C074-449A-956B-0A0B87E0BB88}.AppStore|x64.Deploy.0 = Release|Any CPU
		{C702D6AB-C074-449A-956B-0A0B87E0BB88}.AppStore|x86.ActiveCfg = Release|Any CPU
		{C702D6AB-C074-449A-956B-0A0B87E0BB88}.AppStore|x86.Build.0 = Release|Any CPU
		{C702D6AB-C074-449A-956B-0A0B87E0BB88}.AppStore|x86.Deploy.0 = Release|Any CPU
		{C702D6AB-C074-449A-956B-0A0B87E0BB88}.Debug|Any CPU.ActiveCfg = Debug|Any CPU
		{C702D6AB-C074-449A-956B-0A0B87E0BB88}.Debug|Any CPU.Build.0 = Debug|Any CPU
		{C702D6AB-C074-449A-956B-0A0B87E0BB88}.Debug|Any CPU.Deploy.0 = Debug|Any CPU
		{C702D6AB-C074-449A-956B-0A0B87E0BB88}.Debug|iPhone.ActiveCfg = Debug|Any CPU
		{C702D6AB-C074-449A-956B-0A0B87E0BB88}.Debug|iPhone.Build.0 = Debug|Any CPU
		{C702D6AB-C074-449A-956B-0A0B87E0BB88}.Debug|iPhone.Deploy.0 = Debug|Any CPU
		{C702D6AB-C074-449A-956B-0A0B87E0BB88}.Debug|iPhoneSimulator.ActiveCfg = Debug|Any CPU
		{C702D6AB-C074-449A-956B-0A0B87E0BB88}.Debug|iPhoneSimulator.Build.0 = Debug|Any CPU
		{C702D6AB-C074-449A-956B-0A0B87E0BB88}.Debug|iPhoneSimulator.Deploy.0 = Debug|Any CPU
		{C702D6AB-C074-449A-956B-0A0B87E0BB88}.Debug|x64.ActiveCfg = Debug|Any CPU
		{C702D6AB-C074-449A-956B-0A0B87E0BB88}.Debug|x64.Build.0 = Debug|Any CPU
		{C702D6AB-C074-449A-956B-0A0B87E0BB88}.Debug|x64.Deploy.0 = Debug|Any CPU
		{C702D6AB-C074-449A-956B-0A0B87E0BB88}.Debug|x86.ActiveCfg = Debug|Any CPU
		{C702D6AB-C074-449A-956B-0A0B87E0BB88}.Debug|x86.Build.0 = Debug|Any CPU
		{C702D6AB-C074-449A-956B-0A0B87E0BB88}.Debug|x86.Deploy.0 = Debug|Any CPU
		{C702D6AB-C074-449A-956B-0A0B87E0BB88}.Release|Any CPU.ActiveCfg = Release|Any CPU
		{C702D6AB-C074-449A-956B-0A0B87E0BB88}.Release|Any CPU.Build.0 = Release|Any CPU
		{C702D6AB-C074-449A-956B-0A0B87E0BB88}.Release|Any CPU.Deploy.0 = Release|Any CPU
		{C702D6AB-C074-449A-956B-0A0B87E0BB88}.Release|iPhone.ActiveCfg = Release|Any CPU
		{C702D6AB-C074-449A-956B-0A0B87E0BB88}.Release|iPhone.Build.0 = Release|Any CPU
		{C702D6AB-C074-449A-956B-0A0B87E0BB88}.Release|iPhone.Deploy.0 = Release|Any CPU
		{C702D6AB-C074-449A-956B-0A0B87E0BB88}.Release|iPhoneSimulator.ActiveCfg = Release|Any CPU
		{C702D6AB-C074-449A-956B-0A0B87E0BB88}.Release|iPhoneSimulator.Build.0 = Release|Any CPU
		{C702D6AB-C074-449A-956B-0A0B87E0BB88}.Release|iPhoneSimulator.Deploy.0 = Release|Any CPU
		{C702D6AB-C074-449A-956B-0A0B87E0BB88}.Release|x64.ActiveCfg = Release|Any CPU
		{C702D6AB-C074-449A-956B-0A0B87E0BB88}.Release|x64.Build.0 = Release|Any CPU
		{C702D6AB-C074-449A-956B-0A0B87E0BB88}.Release|x64.Deploy.0 = Release|Any CPU
		{C702D6AB-C074-449A-956B-0A0B87E0BB88}.Release|x86.ActiveCfg = Release|Any CPU
		{C702D6AB-C074-449A-956B-0A0B87E0BB88}.Release|x86.Build.0 = Release|Any CPU
		{C702D6AB-C074-449A-956B-0A0B87E0BB88}.Release|x86.Deploy.0 = Release|Any CPU
		{98626029-EA26-4F3F-9905-AFD83DAF2D77}.Ad-Hoc|Any CPU.ActiveCfg = Ad-Hoc|iPhone
		{98626029-EA26-4F3F-9905-AFD83DAF2D77}.Ad-Hoc|iPhone.ActiveCfg = Ad-Hoc|iPhone
		{98626029-EA26-4F3F-9905-AFD83DAF2D77}.Ad-Hoc|iPhone.Build.0 = Ad-Hoc|iPhone
		{98626029-EA26-4F3F-9905-AFD83DAF2D77}.Ad-Hoc|iPhoneSimulator.ActiveCfg = Ad-Hoc|iPhoneSimulator
		{98626029-EA26-4F3F-9905-AFD83DAF2D77}.Ad-Hoc|iPhoneSimulator.Build.0 = Ad-Hoc|iPhoneSimulator
		{98626029-EA26-4F3F-9905-AFD83DAF2D77}.Ad-Hoc|x64.ActiveCfg = Ad-Hoc|iPhone
		{98626029-EA26-4F3F-9905-AFD83DAF2D77}.Ad-Hoc|x86.ActiveCfg = Ad-Hoc|iPhone
		{98626029-EA26-4F3F-9905-AFD83DAF2D77}.AppStore|Any CPU.ActiveCfg = AppStore|iPhone
		{98626029-EA26-4F3F-9905-AFD83DAF2D77}.AppStore|iPhone.ActiveCfg = AppStore|iPhone
		{98626029-EA26-4F3F-9905-AFD83DAF2D77}.AppStore|iPhone.Build.0 = AppStore|iPhone
		{98626029-EA26-4F3F-9905-AFD83DAF2D77}.AppStore|iPhoneSimulator.ActiveCfg = AppStore|iPhoneSimulator
		{98626029-EA26-4F3F-9905-AFD83DAF2D77}.AppStore|iPhoneSimulator.Build.0 = AppStore|iPhoneSimulator
		{98626029-EA26-4F3F-9905-AFD83DAF2D77}.AppStore|x64.ActiveCfg = AppStore|iPhone
		{98626029-EA26-4F3F-9905-AFD83DAF2D77}.AppStore|x86.ActiveCfg = AppStore|iPhone
		{98626029-EA26-4F3F-9905-AFD83DAF2D77}.Debug|Any CPU.ActiveCfg = Debug|iPhone
		{98626029-EA26-4F3F-9905-AFD83DAF2D77}.Debug|iPhone.ActiveCfg = Debug|iPhone
		{98626029-EA26-4F3F-9905-AFD83DAF2D77}.Debug|iPhone.Build.0 = Debug|iPhone
		{98626029-EA26-4F3F-9905-AFD83DAF2D77}.Debug|iPhoneSimulator.ActiveCfg = Debug|iPhoneSimulator
		{98626029-EA26-4F3F-9905-AFD83DAF2D77}.Debug|iPhoneSimulator.Build.0 = Debug|iPhoneSimulator
		{98626029-EA26-4F3F-9905-AFD83DAF2D77}.Debug|x64.ActiveCfg = Debug|iPhone
		{98626029-EA26-4F3F-9905-AFD83DAF2D77}.Debug|x86.ActiveCfg = Debug|iPhone
		{98626029-EA26-4F3F-9905-AFD83DAF2D77}.Release|Any CPU.ActiveCfg = Release|iPhone
		{98626029-EA26-4F3F-9905-AFD83DAF2D77}.Release|iPhone.ActiveCfg = Release|iPhone
		{98626029-EA26-4F3F-9905-AFD83DAF2D77}.Release|iPhone.Build.0 = Release|iPhone
		{98626029-EA26-4F3F-9905-AFD83DAF2D77}.Release|iPhoneSimulator.ActiveCfg = Release|iPhoneSimulator
		{98626029-EA26-4F3F-9905-AFD83DAF2D77}.Release|iPhoneSimulator.Build.0 = Release|iPhoneSimulator
		{98626029-EA26-4F3F-9905-AFD83DAF2D77}.Release|x64.ActiveCfg = Release|iPhone
		{98626029-EA26-4F3F-9905-AFD83DAF2D77}.Release|x86.ActiveCfg = Release|iPhone
		{25009B4E-04F6-4FEF-85BB-90B24D1279D7}.Ad-Hoc|Any CPU.ActiveCfg = Debug|Any CPU
		{25009B4E-04F6-4FEF-85BB-90B24D1279D7}.Ad-Hoc|Any CPU.Build.0 = Debug|Any CPU
		{25009B4E-04F6-4FEF-85BB-90B24D1279D7}.Ad-Hoc|iPhone.ActiveCfg = Debug|Any CPU
		{25009B4E-04F6-4FEF-85BB-90B24D1279D7}.Ad-Hoc|iPhone.Build.0 = Debug|Any CPU
		{25009B4E-04F6-4FEF-85BB-90B24D1279D7}.Ad-Hoc|iPhoneSimulator.ActiveCfg = Debug|Any CPU
		{25009B4E-04F6-4FEF-85BB-90B24D1279D7}.Ad-Hoc|iPhoneSimulator.Build.0 = Debug|Any CPU
		{25009B4E-04F6-4FEF-85BB-90B24D1279D7}.Ad-Hoc|x64.ActiveCfg = Debug|Any CPU
		{25009B4E-04F6-4FEF-85BB-90B24D1279D7}.Ad-Hoc|x64.Build.0 = Debug|Any CPU
		{25009B4E-04F6-4FEF-85BB-90B24D1279D7}.Ad-Hoc|x86.ActiveCfg = Debug|Any CPU
		{25009B4E-04F6-4FEF-85BB-90B24D1279D7}.Ad-Hoc|x86.Build.0 = Debug|Any CPU
		{25009B4E-04F6-4FEF-85BB-90B24D1279D7}.AppStore|Any CPU.ActiveCfg = Debug|Any CPU
		{25009B4E-04F6-4FEF-85BB-90B24D1279D7}.AppStore|Any CPU.Build.0 = Debug|Any CPU
		{25009B4E-04F6-4FEF-85BB-90B24D1279D7}.AppStore|iPhone.ActiveCfg = Debug|Any CPU
		{25009B4E-04F6-4FEF-85BB-90B24D1279D7}.AppStore|iPhone.Build.0 = Debug|Any CPU
		{25009B4E-04F6-4FEF-85BB-90B24D1279D7}.AppStore|iPhoneSimulator.ActiveCfg = Debug|Any CPU
		{25009B4E-04F6-4FEF-85BB-90B24D1279D7}.AppStore|iPhoneSimulator.Build.0 = Debug|Any CPU
		{25009B4E-04F6-4FEF-85BB-90B24D1279D7}.AppStore|x64.ActiveCfg = Debug|Any CPU
		{25009B4E-04F6-4FEF-85BB-90B24D1279D7}.AppStore|x64.Build.0 = Debug|Any CPU
		{25009B4E-04F6-4FEF-85BB-90B24D1279D7}.AppStore|x86.ActiveCfg = Debug|Any CPU
		{25009B4E-04F6-4FEF-85BB-90B24D1279D7}.AppStore|x86.Build.0 = Debug|Any CPU
		{25009B4E-04F6-4FEF-85BB-90B24D1279D7}.Debug|Any CPU.ActiveCfg = Debug|Any CPU
		{25009B4E-04F6-4FEF-85BB-90B24D1279D7}.Debug|Any CPU.Build.0 = Debug|Any CPU
		{25009B4E-04F6-4FEF-85BB-90B24D1279D7}.Debug|iPhone.ActiveCfg = Debug|Any CPU
		{25009B4E-04F6-4FEF-85BB-90B24D1279D7}.Debug|iPhone.Build.0 = Debug|Any CPU
		{25009B4E-04F6-4FEF-85BB-90B24D1279D7}.Debug|iPhoneSimulator.ActiveCfg = Debug|Any CPU
		{25009B4E-04F6-4FEF-85BB-90B24D1279D7}.Debug|iPhoneSimulator.Build.0 = Debug|Any CPU
		{25009B4E-04F6-4FEF-85BB-90B24D1279D7}.Debug|x64.ActiveCfg = Debug|Any CPU
		{25009B4E-04F6-4FEF-85BB-90B24D1279D7}.Debug|x64.Build.0 = Debug|Any CPU
		{25009B4E-04F6-4FEF-85BB-90B24D1279D7}.Debug|x86.ActiveCfg = Debug|Any CPU
		{25009B4E-04F6-4FEF-85BB-90B24D1279D7}.Debug|x86.Build.0 = Debug|Any CPU
		{25009B4E-04F6-4FEF-85BB-90B24D1279D7}.Release|Any CPU.ActiveCfg = Release|Any CPU
		{25009B4E-04F6-4FEF-85BB-90B24D1279D7}.Release|Any CPU.Build.0 = Release|Any CPU
		{25009B4E-04F6-4FEF-85BB-90B24D1279D7}.Release|iPhone.ActiveCfg = Release|Any CPU
		{25009B4E-04F6-4FEF-85BB-90B24D1279D7}.Release|iPhone.Build.0 = Release|Any CPU
		{25009B4E-04F6-4FEF-85BB-90B24D1279D7}.Release|iPhoneSimulator.ActiveCfg = Release|Any CPU
		{25009B4E-04F6-4FEF-85BB-90B24D1279D7}.Release|iPhoneSimulator.Build.0 = Release|Any CPU
		{25009B4E-04F6-4FEF-85BB-90B24D1279D7}.Release|x64.ActiveCfg = Release|Any CPU
		{25009B4E-04F6-4FEF-85BB-90B24D1279D7}.Release|x64.Build.0 = Release|Any CPU
		{25009B4E-04F6-4FEF-85BB-90B24D1279D7}.Release|x86.ActiveCfg = Release|Any CPU
		{25009B4E-04F6-4FEF-85BB-90B24D1279D7}.Release|x86.Build.0 = Release|Any CPU
		{1EA19244-2FB0-4F20-936E-C7663EBBA736}.Ad-Hoc|Any CPU.ActiveCfg = Debug|Any CPU
		{1EA19244-2FB0-4F20-936E-C7663EBBA736}.Ad-Hoc|Any CPU.Build.0 = Debug|Any CPU
		{1EA19244-2FB0-4F20-936E-C7663EBBA736}.Ad-Hoc|iPhone.ActiveCfg = Debug|Any CPU
		{1EA19244-2FB0-4F20-936E-C7663EBBA736}.Ad-Hoc|iPhone.Build.0 = Debug|Any CPU
		{1EA19244-2FB0-4F20-936E-C7663EBBA736}.Ad-Hoc|iPhoneSimulator.ActiveCfg = Debug|Any CPU
		{1EA19244-2FB0-4F20-936E-C7663EBBA736}.Ad-Hoc|iPhoneSimulator.Build.0 = Debug|Any CPU
		{1EA19244-2FB0-4F20-936E-C7663EBBA736}.Ad-Hoc|x64.ActiveCfg = Debug|Any CPU
		{1EA19244-2FB0-4F20-936E-C7663EBBA736}.Ad-Hoc|x64.Build.0 = Debug|Any CPU
		{1EA19244-2FB0-4F20-936E-C7663EBBA736}.Ad-Hoc|x86.ActiveCfg = Debug|Any CPU
		{1EA19244-2FB0-4F20-936E-C7663EBBA736}.Ad-Hoc|x86.Build.0 = Debug|Any CPU
		{1EA19244-2FB0-4F20-936E-C7663EBBA736}.AppStore|Any CPU.ActiveCfg = Debug|Any CPU
		{1EA19244-2FB0-4F20-936E-C7663EBBA736}.AppStore|Any CPU.Build.0 = Debug|Any CPU
		{1EA19244-2FB0-4F20-936E-C7663EBBA736}.AppStore|iPhone.ActiveCfg = Debug|Any CPU
		{1EA19244-2FB0-4F20-936E-C7663EBBA736}.AppStore|iPhone.Build.0 = Debug|Any CPU
		{1EA19244-2FB0-4F20-936E-C7663EBBA736}.AppStore|iPhoneSimulator.ActiveCfg = Debug|Any CPU
		{1EA19244-2FB0-4F20-936E-C7663EBBA736}.AppStore|iPhoneSimulator.Build.0 = Debug|Any CPU
		{1EA19244-2FB0-4F20-936E-C7663EBBA736}.AppStore|x64.ActiveCfg = Debug|Any CPU
		{1EA19244-2FB0-4F20-936E-C7663EBBA736}.AppStore|x64.Build.0 = Debug|Any CPU
		{1EA19244-2FB0-4F20-936E-C7663EBBA736}.AppStore|x86.ActiveCfg = Debug|Any CPU
		{1EA19244-2FB0-4F20-936E-C7663EBBA736}.AppStore|x86.Build.0 = Debug|Any CPU
		{1EA19244-2FB0-4F20-936E-C7663EBBA736}.Debug|Any CPU.ActiveCfg = Debug|Any CPU
		{1EA19244-2FB0-4F20-936E-C7663EBBA736}.Debug|Any CPU.Build.0 = Debug|Any CPU
		{1EA19244-2FB0-4F20-936E-C7663EBBA736}.Debug|iPhone.ActiveCfg = Debug|Any CPU
		{1EA19244-2FB0-4F20-936E-C7663EBBA736}.Debug|iPhone.Build.0 = Debug|Any CPU
		{1EA19244-2FB0-4F20-936E-C7663EBBA736}.Debug|iPhoneSimulator.ActiveCfg = Debug|Any CPU
		{1EA19244-2FB0-4F20-936E-C7663EBBA736}.Debug|iPhoneSimulator.Build.0 = Debug|Any CPU
		{1EA19244-2FB0-4F20-936E-C7663EBBA736}.Debug|x64.ActiveCfg = Debug|Any CPU
		{1EA19244-2FB0-4F20-936E-C7663EBBA736}.Debug|x64.Build.0 = Debug|Any CPU
		{1EA19244-2FB0-4F20-936E-C7663EBBA736}.Debug|x86.ActiveCfg = Debug|Any CPU
		{1EA19244-2FB0-4F20-936E-C7663EBBA736}.Debug|x86.Build.0 = Debug|Any CPU
		{1EA19244-2FB0-4F20-936E-C7663EBBA736}.Release|Any CPU.ActiveCfg = Release|Any CPU
		{1EA19244-2FB0-4F20-936E-C7663EBBA736}.Release|Any CPU.Build.0 = Release|Any CPU
		{1EA19244-2FB0-4F20-936E-C7663EBBA736}.Release|iPhone.ActiveCfg = Release|Any CPU
		{1EA19244-2FB0-4F20-936E-C7663EBBA736}.Release|iPhone.Build.0 = Release|Any CPU
		{1EA19244-2FB0-4F20-936E-C7663EBBA736}.Release|iPhoneSimulator.ActiveCfg = Release|Any CPU
		{1EA19244-2FB0-4F20-936E-C7663EBBA736}.Release|iPhoneSimulator.Build.0 = Release|Any CPU
		{1EA19244-2FB0-4F20-936E-C7663EBBA736}.Release|x64.ActiveCfg = Release|Any CPU
		{1EA19244-2FB0-4F20-936E-C7663EBBA736}.Release|x64.Build.0 = Release|Any CPU
		{1EA19244-2FB0-4F20-936E-C7663EBBA736}.Release|x86.ActiveCfg = Release|Any CPU
		{1EA19244-2FB0-4F20-936E-C7663EBBA736}.Release|x86.Build.0 = Release|Any CPU
		{8BDD2C58-36B6-4563-A32D-F402A547B8BC}.Ad-Hoc|Any CPU.ActiveCfg = Release|Any CPU
		{8BDD2C58-36B6-4563-A32D-F402A547B8BC}.Ad-Hoc|Any CPU.Build.0 = Release|Any CPU
		{8BDD2C58-36B6-4563-A32D-F402A547B8BC}.Ad-Hoc|Any CPU.Deploy.0 = Release|Any CPU
		{8BDD2C58-36B6-4563-A32D-F402A547B8BC}.Ad-Hoc|iPhone.ActiveCfg = Release|Any CPU
		{8BDD2C58-36B6-4563-A32D-F402A547B8BC}.Ad-Hoc|iPhone.Build.0 = Release|Any CPU
		{8BDD2C58-36B6-4563-A32D-F402A547B8BC}.Ad-Hoc|iPhone.Deploy.0 = Release|Any CPU
		{8BDD2C58-36B6-4563-A32D-F402A547B8BC}.Ad-Hoc|iPhoneSimulator.ActiveCfg = Release|Any CPU
		{8BDD2C58-36B6-4563-A32D-F402A547B8BC}.Ad-Hoc|iPhoneSimulator.Build.0 = Release|Any CPU
		{8BDD2C58-36B6-4563-A32D-F402A547B8BC}.Ad-Hoc|iPhoneSimulator.Deploy.0 = Release|Any CPU
		{8BDD2C58-36B6-4563-A32D-F402A547B8BC}.Ad-Hoc|x64.ActiveCfg = Release|Any CPU
		{8BDD2C58-36B6-4563-A32D-F402A547B8BC}.Ad-Hoc|x64.Build.0 = Release|Any CPU
		{8BDD2C58-36B6-4563-A32D-F402A547B8BC}.Ad-Hoc|x64.Deploy.0 = Release|Any CPU
		{8BDD2C58-36B6-4563-A32D-F402A547B8BC}.Ad-Hoc|x86.ActiveCfg = Release|Any CPU
		{8BDD2C58-36B6-4563-A32D-F402A547B8BC}.Ad-Hoc|x86.Build.0 = Release|Any CPU
		{8BDD2C58-36B6-4563-A32D-F402A547B8BC}.Ad-Hoc|x86.Deploy.0 = Release|Any CPU
		{8BDD2C58-36B6-4563-A32D-F402A547B8BC}.AppStore|Any CPU.ActiveCfg = Release|Any CPU
		{8BDD2C58-36B6-4563-A32D-F402A547B8BC}.AppStore|Any CPU.Build.0 = Release|Any CPU
		{8BDD2C58-36B6-4563-A32D-F402A547B8BC}.AppStore|Any CPU.Deploy.0 = Release|Any CPU
		{8BDD2C58-36B6-4563-A32D-F402A547B8BC}.AppStore|iPhone.ActiveCfg = Release|Any CPU
		{8BDD2C58-36B6-4563-A32D-F402A547B8BC}.AppStore|iPhone.Build.0 = Release|Any CPU
		{8BDD2C58-36B6-4563-A32D-F402A547B8BC}.AppStore|iPhone.Deploy.0 = Release|Any CPU
		{8BDD2C58-36B6-4563-A32D-F402A547B8BC}.AppStore|iPhoneSimulator.ActiveCfg = Release|Any CPU
		{8BDD2C58-36B6-4563-A32D-F402A547B8BC}.AppStore|iPhoneSimulator.Build.0 = Release|Any CPU
		{8BDD2C58-36B6-4563-A32D-F402A547B8BC}.AppStore|iPhoneSimulator.Deploy.0 = Release|Any CPU
		{8BDD2C58-36B6-4563-A32D-F402A547B8BC}.AppStore|x64.ActiveCfg = Release|Any CPU
		{8BDD2C58-36B6-4563-A32D-F402A547B8BC}.AppStore|x64.Build.0 = Release|Any CPU
		{8BDD2C58-36B6-4563-A32D-F402A547B8BC}.AppStore|x64.Deploy.0 = Release|Any CPU
		{8BDD2C58-36B6-4563-A32D-F402A547B8BC}.AppStore|x86.ActiveCfg = Release|Any CPU
		{8BDD2C58-36B6-4563-A32D-F402A547B8BC}.AppStore|x86.Build.0 = Release|Any CPU
		{8BDD2C58-36B6-4563-A32D-F402A547B8BC}.AppStore|x86.Deploy.0 = Release|Any CPU
		{8BDD2C58-36B6-4563-A32D-F402A547B8BC}.Debug|Any CPU.ActiveCfg = Debug|Any CPU
		{8BDD2C58-36B6-4563-A32D-F402A547B8BC}.Debug|Any CPU.Build.0 = Debug|Any CPU
		{8BDD2C58-36B6-4563-A32D-F402A547B8BC}.Debug|Any CPU.Deploy.0 = Debug|Any CPU
		{8BDD2C58-36B6-4563-A32D-F402A547B8BC}.Debug|iPhone.ActiveCfg = Debug|Any CPU
		{8BDD2C58-36B6-4563-A32D-F402A547B8BC}.Debug|iPhone.Build.0 = Debug|Any CPU
		{8BDD2C58-36B6-4563-A32D-F402A547B8BC}.Debug|iPhone.Deploy.0 = Debug|Any CPU
		{8BDD2C58-36B6-4563-A32D-F402A547B8BC}.Debug|iPhoneSimulator.ActiveCfg = Debug|Any CPU
		{8BDD2C58-36B6-4563-A32D-F402A547B8BC}.Debug|iPhoneSimulator.Build.0 = Debug|Any CPU
		{8BDD2C58-36B6-4563-A32D-F402A547B8BC}.Debug|iPhoneSimulator.Deploy.0 = Debug|Any CPU
		{8BDD2C58-36B6-4563-A32D-F402A547B8BC}.Debug|x64.ActiveCfg = Debug|Any CPU
		{8BDD2C58-36B6-4563-A32D-F402A547B8BC}.Debug|x64.Build.0 = Debug|Any CPU
		{8BDD2C58-36B6-4563-A32D-F402A547B8BC}.Debug|x64.Deploy.0 = Debug|Any CPU
		{8BDD2C58-36B6-4563-A32D-F402A547B8BC}.Debug|x86.ActiveCfg = Debug|Any CPU
		{8BDD2C58-36B6-4563-A32D-F402A547B8BC}.Debug|x86.Build.0 = Debug|Any CPU
		{8BDD2C58-36B6-4563-A32D-F402A547B8BC}.Debug|x86.Deploy.0 = Debug|Any CPU
		{8BDD2C58-36B6-4563-A32D-F402A547B8BC}.Release|Any CPU.ActiveCfg = Release|Any CPU
		{8BDD2C58-36B6-4563-A32D-F402A547B8BC}.Release|Any CPU.Build.0 = Release|Any CPU
		{8BDD2C58-36B6-4563-A32D-F402A547B8BC}.Release|Any CPU.Deploy.0 = Release|Any CPU
		{8BDD2C58-36B6-4563-A32D-F402A547B8BC}.Release|iPhone.ActiveCfg = Release|Any CPU
		{8BDD2C58-36B6-4563-A32D-F402A547B8BC}.Release|iPhone.Build.0 = Release|Any CPU
		{8BDD2C58-36B6-4563-A32D-F402A547B8BC}.Release|iPhone.Deploy.0 = Release|Any CPU
		{8BDD2C58-36B6-4563-A32D-F402A547B8BC}.Release|iPhoneSimulator.ActiveCfg = Release|Any CPU
		{8BDD2C58-36B6-4563-A32D-F402A547B8BC}.Release|iPhoneSimulator.Build.0 = Release|Any CPU
		{8BDD2C58-36B6-4563-A32D-F402A547B8BC}.Release|iPhoneSimulator.Deploy.0 = Release|Any CPU
		{8BDD2C58-36B6-4563-A32D-F402A547B8BC}.Release|x64.ActiveCfg = Release|Any CPU
		{8BDD2C58-36B6-4563-A32D-F402A547B8BC}.Release|x64.Build.0 = Release|Any CPU
		{8BDD2C58-36B6-4563-A32D-F402A547B8BC}.Release|x64.Deploy.0 = Release|Any CPU
		{8BDD2C58-36B6-4563-A32D-F402A547B8BC}.Release|x86.ActiveCfg = Release|Any CPU
		{8BDD2C58-36B6-4563-A32D-F402A547B8BC}.Release|x86.Build.0 = Release|Any CPU
		{8BDD2C58-36B6-4563-A32D-F402A547B8BC}.Release|x86.Deploy.0 = Release|Any CPU
		{80A96B52-6758-4BDB-B0B4-CEA4CA155C60}.Ad-Hoc|Any CPU.ActiveCfg = Release|iPhone
		{80A96B52-6758-4BDB-B0B4-CEA4CA155C60}.Ad-Hoc|Any CPU.Build.0 = Release|iPhone
		{80A96B52-6758-4BDB-B0B4-CEA4CA155C60}.Ad-Hoc|iPhone.ActiveCfg = Release|iPhone
		{80A96B52-6758-4BDB-B0B4-CEA4CA155C60}.Ad-Hoc|iPhone.Build.0 = Release|iPhone
		{80A96B52-6758-4BDB-B0B4-CEA4CA155C60}.Ad-Hoc|iPhoneSimulator.ActiveCfg = Release|iPhoneSimulator
		{80A96B52-6758-4BDB-B0B4-CEA4CA155C60}.Ad-Hoc|iPhoneSimulator.Build.0 = Release|iPhoneSimulator
		{80A96B52-6758-4BDB-B0B4-CEA4CA155C60}.Ad-Hoc|x64.ActiveCfg = Release|iPhone
		{80A96B52-6758-4BDB-B0B4-CEA4CA155C60}.Ad-Hoc|x64.Build.0 = Release|iPhone
		{80A96B52-6758-4BDB-B0B4-CEA4CA155C60}.Ad-Hoc|x86.ActiveCfg = Release|iPhone
		{80A96B52-6758-4BDB-B0B4-CEA4CA155C60}.Ad-Hoc|x86.Build.0 = Release|iPhone
		{80A96B52-6758-4BDB-B0B4-CEA4CA155C60}.AppStore|Any CPU.ActiveCfg = Release|iPhone
		{80A96B52-6758-4BDB-B0B4-CEA4CA155C60}.AppStore|Any CPU.Build.0 = Release|iPhone
		{80A96B52-6758-4BDB-B0B4-CEA4CA155C60}.AppStore|iPhone.ActiveCfg = Release|iPhone
		{80A96B52-6758-4BDB-B0B4-CEA4CA155C60}.AppStore|iPhone.Build.0 = Release|iPhone
		{80A96B52-6758-4BDB-B0B4-CEA4CA155C60}.AppStore|iPhoneSimulator.ActiveCfg = Release|iPhoneSimulator
		{80A96B52-6758-4BDB-B0B4-CEA4CA155C60}.AppStore|iPhoneSimulator.Build.0 = Release|iPhoneSimulator
		{80A96B52-6758-4BDB-B0B4-CEA4CA155C60}.AppStore|x64.ActiveCfg = Release|iPhone
		{80A96B52-6758-4BDB-B0B4-CEA4CA155C60}.AppStore|x64.Build.0 = Release|iPhone
		{80A96B52-6758-4BDB-B0B4-CEA4CA155C60}.AppStore|x86.ActiveCfg = Release|iPhone
		{80A96B52-6758-4BDB-B0B4-CEA4CA155C60}.AppStore|x86.Build.0 = Release|iPhone
		{80A96B52-6758-4BDB-B0B4-CEA4CA155C60}.Debug|Any CPU.ActiveCfg = Debug|iPhone
		{80A96B52-6758-4BDB-B0B4-CEA4CA155C60}.Debug|iPhone.ActiveCfg = Debug|iPhone
		{80A96B52-6758-4BDB-B0B4-CEA4CA155C60}.Debug|iPhone.Build.0 = Debug|iPhone
		{80A96B52-6758-4BDB-B0B4-CEA4CA155C60}.Debug|iPhoneSimulator.ActiveCfg = Debug|iPhoneSimulator
		{80A96B52-6758-4BDB-B0B4-CEA4CA155C60}.Debug|iPhoneSimulator.Build.0 = Debug|iPhoneSimulator
		{80A96B52-6758-4BDB-B0B4-CEA4CA155C60}.Debug|x64.ActiveCfg = Debug|iPhone
		{80A96B52-6758-4BDB-B0B4-CEA4CA155C60}.Debug|x86.ActiveCfg = Debug|iPhone
		{80A96B52-6758-4BDB-B0B4-CEA4CA155C60}.Release|Any CPU.ActiveCfg = Release|iPhone
		{80A96B52-6758-4BDB-B0B4-CEA4CA155C60}.Release|iPhone.ActiveCfg = Release|iPhone
		{80A96B52-6758-4BDB-B0B4-CEA4CA155C60}.Release|iPhone.Build.0 = Release|iPhone
		{80A96B52-6758-4BDB-B0B4-CEA4CA155C60}.Release|iPhoneSimulator.ActiveCfg = Release|iPhoneSimulator
		{80A96B52-6758-4BDB-B0B4-CEA4CA155C60}.Release|iPhoneSimulator.Build.0 = Release|iPhoneSimulator
		{80A96B52-6758-4BDB-B0B4-CEA4CA155C60}.Release|x64.ActiveCfg = Release|iPhone
		{80A96B52-6758-4BDB-B0B4-CEA4CA155C60}.Release|x86.ActiveCfg = Release|iPhone
	EndGlobalSection
	GlobalSection(SolutionProperties) = preSolution
		HideSolutionNode = FALSE
	EndGlobalSection
	GlobalSection(NestedProjects) = preSolution
		{0559DCB0-6F64-4244-9E76-BBD7ACDD3107} = {532DCF17-6F83-4E00-B35E-04483B2E4385}
		{271D4110-83DC-4FD9-A939-28929115A807} = {78011840-66EE-45EE-B2B9-BA3B49FC8815}
		{6EC94436-7D95-4A19-815A-C1DEFBF1BA43} = {78011840-66EE-45EE-B2B9-BA3B49FC8815}
		{C702D6AB-C074-449A-956B-0A0B87E0BB88} = {271D4110-83DC-4FD9-A939-28929115A807}
		{98626029-EA26-4F3F-9905-AFD83DAF2D77} = {271D4110-83DC-4FD9-A939-28929115A807}
		{25009B4E-04F6-4FEF-85BB-90B24D1279D7} = {271D4110-83DC-4FD9-A939-28929115A807}
		{1EA19244-2FB0-4F20-936E-C7663EBBA736} = {6EC94436-7D95-4A19-815A-C1DEFBF1BA43}
		{8BDD2C58-36B6-4563-A32D-F402A547B8BC} = {6EC94436-7D95-4A19-815A-C1DEFBF1BA43}
		{80A96B52-6758-4BDB-B0B4-CEA4CA155C60} = {6EC94436-7D95-4A19-815A-C1DEFBF1BA43}
	EndGlobalSection
	GlobalSection(ExtensibilityGlobals) = postSolution
		SolutionGuid = {9259AF01-1901-4E14-8220-348086DD847E}
	EndGlobalSection
EndGlobal
